
Microsoft Visual Studio Solution File, Format Version 12.00
# Visual Studio Version 17
VisualStudioVersion = 17.5.33627.172
MinimumVisualStudioVersion = 10.0.40219.1
Project("{FAE04EC0-301F-11D3-BF4B-00C04F79EFBC}") = "CalendarApi", "CalendarApi\CalendarApi.csproj", "{3A6E88D7-E42D-4AF1-8D30-D352B387EA6B}"
EndProject
Global
	GlobalSection(SolutionConfigurationPlatforms) = preSolution
		Debug|Any CPU = Debug|Any CPU
		Release|Any CPU = Release|Any CPU
	EndGlobalSection
	GlobalSection(ProjectConfigurationPlatforms) = postSolution
		{3A6E88D7-E42D-4AF1-8D30-D352B387EA6B}.Debug|Any CPU.ActiveCfg = Debug|Any CPU
		{3A6E88D7-E42D-4AF1-8D30-D352B387EA6B}.Debug|Any CPU.Build.0 = Debug|Any CPU
		{3A6E88D7-E42D-4AF1-8D30-D352B387EA6B}.Release|Any CPU.ActiveCfg = Release|Any CPU
		{3A6E88D7-E42D-4AF1-8D30-D352B387EA6B}.Release|Any CPU.Build.0 = Release|Any CPU
	EndGlobalSection
	GlobalSection(SolutionProperties) = preSolution
		HideSolutionNode = FALSE
	EndGlobalSection
	GlobalSection(ExtensibilityGlobals) = postSolution
		SolutionGuid = {197E79EE-89D7-4D41-A1F5-AA2F22D5844A}
	EndGlobalSection
EndGlobal
